// !$*UTF8*$!
{
	archiveVersion = 1;
	classes = {
	};
	objectVersion = 56;
	objects = {

/* Begin PBXBuildFile section */
		B1439ED52C3F2F1F00DBD6A5 /* AppDelegate.swift in Sources */ = {isa = PBXBuildFile; fileRef = B1439ED42C3F2F1F00DBD6A5 /* AppDelegate.swift */; };
		B1439ED92C3F2F1F00DBD6A5 /* HomeViewController.swift in Sources */ = {isa = PBXBuildFile; fileRef = B1439ED82C3F2F1F00DBD6A5 /* HomeViewController.swift */; };
		B1439EDE2C3F2F2000DBD6A5 /* Assets.xcassets in Resources */ = {isa = PBXBuildFile; fileRef = B1439EDD2C3F2F2000DBD6A5 /* Assets.xcassets */; };
		B1439F082C3F33EB00DBD6A5 /* LaunchScreen.storyboard in Resources */ = {isa = PBXBuildFile; fileRef = B1439F072C3F33EB00DBD6A5 /* LaunchScreen.storyboard */; };
		B1439F0C2C3F363A00DBD6A5 /* HomeRequest.swift in Sources */ = {isa = PBXBuildFile; fileRef = B1439F0B2C3F363A00DBD6A5 /* HomeRequest.swift */; };
		B1439F0E2C3F37C200DBD6A5 /* Request.swift in Sources */ = {isa = PBXBuildFile; fileRef = B1439F0D2C3F37C200DBD6A5 /* Request.swift */; };
		B1439F102C3F37EA00DBD6A5 /* NetworkManager.swift in Sources */ = {isa = PBXBuildFile; fileRef = B1439F0F2C3F37EA00DBD6A5 /* NetworkManager.swift */; };
		B1439F132C3F3C0D00DBD6A5 /* HomePresenter.swift in Sources */ = {isa = PBXBuildFile; fileRef = B1439F122C3F3C0D00DBD6A5 /* HomePresenter.swift */; };
		B1439F152C3F3C1800DBD6A5 /* HomeInteractor.swift in Sources */ = {isa = PBXBuildFile; fileRef = B1439F142C3F3C1800DBD6A5 /* HomeInteractor.swift */; };
		B1439F172C3F3C2300DBD6A5 /* HomeService.swift in Sources */ = {isa = PBXBuildFile; fileRef = B1439F162C3F3C2300DBD6A5 /* HomeService.swift */; };
		B1439F192C3F3C3600DBD6A5 /* HomeFactory.swift in Sources */ = {isa = PBXBuildFile; fileRef = B1439F182C3F3C3600DBD6A5 /* HomeFactory.swift */; };
		B1439F1C2C3F436900DBD6A5 /* ViewConfiguration.swift in Sources */ = {isa = PBXBuildFile; fileRef = B1439F1B2C3F436900DBD6A5 /* ViewConfiguration.swift */; };
		B1439F1F2C3F446800DBD6A5 /* Movies.swift in Sources */ = {isa = PBXBuildFile; fileRef = B1439F1E2C3F446800DBD6A5 /* Movies.swift */; };
		B1439F222C3F6F9D00DBD6A5 /* HomeViewCell.swift in Sources */ = {isa = PBXBuildFile; fileRef = B1439F212C3F6F9D00DBD6A5 /* HomeViewCell.swift */; };
		B143A2422C3F929A00DBD6A5 /* UIImageView+Extensions.swift in Sources */ = {isa = PBXBuildFile; fileRef = B143A2412C3F929A00DBD6A5 /* UIImageView+Extensions.swift */; };
		B143A2442C3F934600DBD6A5 /* HomeInteractorTests.swift in Sources */ = {isa = PBXBuildFile; fileRef = B143A2432C3F934600DBD6A5 /* HomeInteractorTests.swift */; };
		B143A2462C3F934E00DBD6A5 /* HomePresenterTests.swift in Sources */ = {isa = PBXBuildFile; fileRef = B143A2452C3F934E00DBD6A5 /* HomePresenterTests.swift */; };
		B143A2492C4004F600DBD6A5 /* ErrorView.swift in Sources */ = {isa = PBXBuildFile; fileRef = B143A2482C4004F600DBD6A5 /* ErrorView.swift */; };
		B143A24B2C400AAE00DBD6A5 /* Color.swift in Sources */ = {isa = PBXBuildFile; fileRef = B143A24A2C400AAE00DBD6A5 /* Color.swift */; };
		B143A24D2C400AB500DBD6A5 /* Strings.swift in Sources */ = {isa = PBXBuildFile; fileRef = B143A24C2C400AB500DBD6A5 /* Strings.swift */; };
		B143A24F2C400ABF00DBD6A5 /* Font.swift in Sources */ = {isa = PBXBuildFile; fileRef = B143A24E2C400ABF00DBD6A5 /* Font.swift */; };
/* End PBXBuildFile section */

/* Begin PBXContainerItemProxy section */
		B1439EE82C3F2F2000DBD6A5 /* PBXContainerItemProxy */ = {
			isa = PBXContainerItemProxy;
			containerPortal = B1439EC92C3F2F1E00DBD6A5 /* Project object */;
			proxyType = 1;
			remoteGlobalIDString = B1439ED02C3F2F1E00DBD6A5;
			remoteInfo = "Movie Listing";
		};
/* End PBXContainerItemProxy section */

/* Begin PBXFileReference section */
		B1439ED12C3F2F1F00DBD6A5 /* Movie Listing.app */ = {isa = PBXFileReference; explicitFileType = wrapper.application; includeInIndex = 0; path = "Movie Listing.app"; sourceTree = BUILT_PRODUCTS_DIR; };
		B1439ED42C3F2F1F00DBD6A5 /* AppDelegate.swift */ = {isa = PBXFileReference; lastKnownFileType = sourcecode.swift; path = AppDelegate.swift; sourceTree = "<group>"; };
		B1439ED82C3F2F1F00DBD6A5 /* HomeViewController.swift */ = {isa = PBXFileReference; lastKnownFileType = sourcecode.swift; path = HomeViewController.swift; sourceTree = "<group>"; };
		B1439EDD2C3F2F2000DBD6A5 /* Assets.xcassets */ = {isa = PBXFileReference; lastKnownFileType = folder.assetcatalog; path = Assets.xcassets; sourceTree = "<group>"; };
		B1439EE22C3F2F2000DBD6A5 /* Info.plist */ = {isa = PBXFileReference; lastKnownFileType = text.plist.xml; path = Info.plist; sourceTree = "<group>"; };
		B1439EE72C3F2F2000DBD6A5 /* Movie ListingTests.xctest */ = {isa = PBXFileReference; explicitFileType = wrapper.cfbundle; includeInIndex = 0; path = "Movie ListingTests.xctest"; sourceTree = BUILT_PRODUCTS_DIR; };
		B1439F072C3F33EB00DBD6A5 /* LaunchScreen.storyboard */ = {isa = PBXFileReference; fileEncoding = 4; lastKnownFileType = file.storyboard; path = LaunchScreen.storyboard; sourceTree = "<group>"; };
		B1439F0B2C3F363A00DBD6A5 /* HomeRequest.swift */ = {isa = PBXFileReference; lastKnownFileType = sourcecode.swift; path = HomeRequest.swift; sourceTree = "<group>"; };
		B1439F0D2C3F37C200DBD6A5 /* Request.swift */ = {isa = PBXFileReference; lastKnownFileType = sourcecode.swift; path = Request.swift; sourceTree = "<group>"; };
		B1439F0F2C3F37EA00DBD6A5 /* NetworkManager.swift */ = {isa = PBXFileReference; lastKnownFileType = sourcecode.swift; path = NetworkManager.swift; sourceTree = "<group>"; };
		B1439F122C3F3C0D00DBD6A5 /* HomePresenter.swift */ = {isa = PBXFileReference; lastKnownFileType = sourcecode.swift; path = HomePresenter.swift; sourceTree = "<group>"; };
		B1439F142C3F3C1800DBD6A5 /* HomeInteractor.swift */ = {isa = PBXFileReference; lastKnownFileType = sourcecode.swift; path = HomeInteractor.swift; sourceTree = "<group>"; };
		B1439F162C3F3C2300DBD6A5 /* HomeService.swift */ = {isa = PBXFileReference; lastKnownFileType = sourcecode.swift; path = HomeService.swift; sourceTree = "<group>"; };
		B1439F182C3F3C3600DBD6A5 /* HomeFactory.swift */ = {isa = PBXFileReference; lastKnownFileType = sourcecode.swift; path = HomeFactory.swift; sourceTree = "<group>"; };
		B1439F1B2C3F436900DBD6A5 /* ViewConfiguration.swift */ = {isa = PBXFileReference; lastKnownFileType = sourcecode.swift; path = ViewConfiguration.swift; sourceTree = "<group>"; };
		B1439F1E2C3F446800DBD6A5 /* Movies.swift */ = {isa = PBXFileReference; lastKnownFileType = sourcecode.swift; path = Movies.swift; sourceTree = "<group>"; };
		B1439F212C3F6F9D00DBD6A5 /* HomeViewCell.swift */ = {isa = PBXFileReference; lastKnownFileType = sourcecode.swift; path = HomeViewCell.swift; sourceTree = "<group>"; };
		B143A2412C3F929A00DBD6A5 /* UIImageView+Extensions.swift */ = {isa = PBXFileReference; lastKnownFileType = sourcecode.swift; path = "UIImageView+Extensions.swift"; sourceTree = "<group>"; };
		B143A2432C3F934600DBD6A5 /* HomeInteractorTests.swift */ = {isa = PBXFileReference; lastKnownFileType = sourcecode.swift; path = HomeInteractorTests.swift; sourceTree = "<group>"; };
		B143A2452C3F934E00DBD6A5 /* HomePresenterTests.swift */ = {isa = PBXFileReference; lastKnownFileType = sourcecode.swift; path = HomePresenterTests.swift; sourceTree = "<group>"; };
		B143A2482C4004F600DBD6A5 /* ErrorView.swift */ = {isa = PBXFileReference; lastKnownFileType = sourcecode.swift; path = ErrorView.swift; sourceTree = "<group>"; };
		B143A24A2C400AAE00DBD6A5 /* Color.swift */ = {isa = PBXFileReference; lastKnownFileType = sourcecode.swift; path = Color.swift; sourceTree = "<group>"; };
		B143A24C2C400AB500DBD6A5 /* Strings.swift */ = {isa = PBXFileReference; lastKnownFileType = sourcecode.swift; path = Strings.swift; sourceTree = "<group>"; };
		B143A24E2C400ABF00DBD6A5 /* Font.swift */ = {isa = PBXFileReference; lastKnownFileType = sourcecode.swift; path = Font.swift; sourceTree = "<group>"; };
/* End PBXFileReference section */

/* Begin PBXFrameworksBuildPhase section */
		B1439ECE2C3F2F1E00DBD6A5 /* Frameworks */ = {
			isa = PBXFrameworksBuildPhase;
			buildActionMask = 2147483647;
			files = (
			);
			runOnlyForDeploymentPostprocessing = 0;
		};
		B1439EE42C3F2F2000DBD6A5 /* Frameworks */ = {
			isa = PBXFrameworksBuildPhase;
			buildActionMask = 2147483647;
			files = (
			);
			runOnlyForDeploymentPostprocessing = 0;
		};
/* End PBXFrameworksBuildPhase section */

/* Begin PBXGroup section */
		B1439EC82C3F2F1E00DBD6A5 = {
			isa = PBXGroup;
			children = (
				B1439ED32C3F2F1F00DBD6A5 /* Movie Listing */,
				B1439EEA2C3F2F2000DBD6A5 /* Movie ListingTests */,
				B1439ED22C3F2F1F00DBD6A5 /* Products */,
			);
			sourceTree = "<group>";
		};
		B1439ED22C3F2F1F00DBD6A5 /* Products */ = {
			isa = PBXGroup;
			children = (
				B1439ED12C3F2F1F00DBD6A5 /* Movie Listing.app */,
				B1439EE72C3F2F2000DBD6A5 /* Movie ListingTests.xctest */,
			);
			name = Products;
			sourceTree = "<group>";
		};
		B1439ED32C3F2F1F00DBD6A5 /* Movie Listing */ = {
			isa = PBXGroup;
			children = (
				B1439F1A2C3F435A00DBD6A5 /* Components */,
				B1439F112C3F38E900DBD6A5 /* Commons */,
				B1439F092C3F340D00DBD6A5 /* AppConfiguration */,
				B1439F062C3F332300DBD6A5 /* Scenes */,
				B1439F052C3F331D00DBD6A5 /* Resources */,
				B1439F042C3F331400DBD6A5 /* Networking */,
			);
			path = "Movie Listing";
			sourceTree = "<group>";
		};
		B1439EEA2C3F2F2000DBD6A5 /* Movie ListingTests */ = {
			isa = PBXGroup;
			children = (
				B143A2432C3F934600DBD6A5 /* HomeInteractorTests.swift */,
				B143A2452C3F934E00DBD6A5 /* HomePresenterTests.swift */,
			);
			path = "Movie ListingTests";
			sourceTree = "<group>";
		};
		B1439F042C3F331400DBD6A5 /* Networking */ = {
			isa = PBXGroup;
			children = (
				B1439F0A2C3F361B00DBD6A5 /* Requests */,
				B1439F0D2C3F37C200DBD6A5 /* Request.swift */,
				B1439F0F2C3F37EA00DBD6A5 /* NetworkManager.swift */,
			);
			path = Networking;
			sourceTree = "<group>";
		};
		B1439F052C3F331D00DBD6A5 /* Resources */ = {
			isa = PBXGroup;
			children = (
				B1439EDD2C3F2F2000DBD6A5 /* Assets.xcassets */,
				B143A24A2C400AAE00DBD6A5 /* Color.swift */,
				B143A24C2C400AB500DBD6A5 /* Strings.swift */,
				B143A24E2C400ABF00DBD6A5 /* Font.swift */,
			);
			path = Resources;
			sourceTree = "<group>";
		};
		B1439F062C3F332300DBD6A5 /* Scenes */ = {
			isa = PBXGroup;
			children = (
				B143A2472C4004E700DBD6A5 /* Views */,
				B1439F202C3F6F7600DBD6A5 /* Cell */,
				B1439F1D2C3F445C00DBD6A5 /* Models */,
				B1439ED82C3F2F1F00DBD6A5 /* HomeViewController.swift */,
				B1439F122C3F3C0D00DBD6A5 /* HomePresenter.swift */,
				B1439F142C3F3C1800DBD6A5 /* HomeInteractor.swift */,
				B1439F162C3F3C2300DBD6A5 /* HomeService.swift */,
				B1439F182C3F3C3600DBD6A5 /* HomeFactory.swift */,
			);
			path = Scenes;
			sourceTree = "<group>";
		};
		B1439F092C3F340D00DBD6A5 /* AppConfiguration */ = {
			isa = PBXGroup;
			children = (
				B1439ED42C3F2F1F00DBD6A5 /* AppDelegate.swift */,
				B1439EE22C3F2F2000DBD6A5 /* Info.plist */,
				B1439F072C3F33EB00DBD6A5 /* LaunchScreen.storyboard */,
			);
			path = AppConfiguration;
			sourceTree = "<group>";
		};
		B1439F0A2C3F361B00DBD6A5 /* Requests */ = {
			isa = PBXGroup;
			children = (
				B1439F0B2C3F363A00DBD6A5 /* HomeRequest.swift */,
			);
			path = Requests;
			sourceTree = "<group>";
		};
		B1439F112C3F38E900DBD6A5 /* Commons */ = {
			isa = PBXGroup;
			children = (
				B143A2412C3F929A00DBD6A5 /* UIImageView+Extensions.swift */,
			);
			path = Commons;
			sourceTree = "<group>";
		};
		B1439F1A2C3F435A00DBD6A5 /* Components */ = {
			isa = PBXGroup;
			children = (
				B1439F1B2C3F436900DBD6A5 /* ViewConfiguration.swift */,
			);
			path = Components;
			sourceTree = "<group>";
		};
		B1439F1D2C3F445C00DBD6A5 /* Models */ = {
			isa = PBXGroup;
			children = (
				B1439F1E2C3F446800DBD6A5 /* Movies.swift */,
			);
			path = Models;
			sourceTree = "<group>";
		};
		B1439F202C3F6F7600DBD6A5 /* Cell */ = {
			isa = PBXGroup;
			children = (
				B1439F212C3F6F9D00DBD6A5 /* HomeViewCell.swift */,
			);
			path = Cell;
			sourceTree = "<group>";
		};
		B143A2472C4004E700DBD6A5 /* Views */ = {
			isa = PBXGroup;
			children = (
				B143A2482C4004F600DBD6A5 /* ErrorView.swift */,
			);
			path = Views;
			sourceTree = "<group>";
		};
/* End PBXGroup section */

/* Begin PBXNativeTarget section */
		B1439ED02C3F2F1E00DBD6A5 /* Movie Listing */ = {
			isa = PBXNativeTarget;
			buildConfigurationList = B1439EFB2C3F2F2000DBD6A5 /* Build configuration list for PBXNativeTarget "Movie Listing" */;
			buildPhases = (
				B1439ECD2C3F2F1E00DBD6A5 /* Sources */,
				B1439ECE2C3F2F1E00DBD6A5 /* Frameworks */,
				B1439ECF2C3F2F1E00DBD6A5 /* Resources */,
			);
			buildRules = (
			);
			dependencies = (
			);
			name = "Movie Listing";
			productName = "Movie Listing";
			productReference = B1439ED12C3F2F1F00DBD6A5 /* Movie Listing.app */;
			productType = "com.apple.product-type.application";
		};
		B1439EE62C3F2F2000DBD6A5 /* Movie ListingTests */ = {
			isa = PBXNativeTarget;
			buildConfigurationList = B1439EFE2C3F2F2000DBD6A5 /* Build configuration list for PBXNativeTarget "Movie ListingTests" */;
			buildPhases = (
				B1439EE32C3F2F2000DBD6A5 /* Sources */,
				B1439EE42C3F2F2000DBD6A5 /* Frameworks */,
				B1439EE52C3F2F2000DBD6A5 /* Resources */,
			);
			buildRules = (
			);
			dependencies = (
				B1439EE92C3F2F2000DBD6A5 /* PBXTargetDependency */,
			);
			name = "Movie ListingTests";
			productName = "Movie ListingTests";
			productReference = B1439EE72C3F2F2000DBD6A5 /* Movie ListingTests.xctest */;
			productType = "com.apple.product-type.bundle.unit-test";
		};
/* End PBXNativeTarget section */

/* Begin PBXProject section */
		B1439EC92C3F2F1E00DBD6A5 /* Project object */ = {
			isa = PBXProject;
			attributes = {
				BuildIndependentTargetsInParallel = 1;
				LastSwiftUpdateCheck = 1520;
				LastUpgradeCheck = 1520;
				TargetAttributes = {
					B1439ED02C3F2F1E00DBD6A5 = {
						CreatedOnToolsVersion = 15.2;
					};
					B1439EE62C3F2F2000DBD6A5 = {
						CreatedOnToolsVersion = 15.2;
						TestTargetID = B1439ED02C3F2F1E00DBD6A5;
					};
				};
			};
			buildConfigurationList = B1439ECC2C3F2F1E00DBD6A5 /* Build configuration list for PBXProject "Movie Listing" */;
			compatibilityVersion = "Xcode 14.0";
			developmentRegion = en;
			hasScannedForEncodings = 0;
			knownRegions = (
				en,
				Base,
			);
			mainGroup = B1439EC82C3F2F1E00DBD6A5;
			productRefGroup = B1439ED22C3F2F1F00DBD6A5 /* Products */;
			projectDirPath = "";
			projectRoot = "";
			targets = (
				B1439ED02C3F2F1E00DBD6A5 /* Movie Listing */,
				B1439EE62C3F2F2000DBD6A5 /* Movie ListingTests */,
			);
		};
/* End PBXProject section */

/* Begin PBXResourcesBuildPhase section */
		B1439ECF2C3F2F1E00DBD6A5 /* Resources */ = {
			isa = PBXResourcesBuildPhase;
			buildActionMask = 2147483647;
			files = (
				B1439EDE2C3F2F2000DBD6A5 /* Assets.xcassets in Resources */,
				B1439F082C3F33EB00DBD6A5 /* LaunchScreen.storyboard in Resources */,
			);
			runOnlyForDeploymentPostprocessing = 0;
		};
		B1439EE52C3F2F2000DBD6A5 /* Resources */ = {
			isa = PBXResourcesBuildPhase;
			buildActionMask = 2147483647;
			files = (
			);
			runOnlyForDeploymentPostprocessing = 0;
		};
/* End PBXResourcesBuildPhase section */

/* Begin PBXSourcesBuildPhase section */
		B1439ECD2C3F2F1E00DBD6A5 /* Sources */ = {
			isa = PBXSourcesBuildPhase;
			buildActionMask = 2147483647;
			files = (
				B143A2422C3F929A00DBD6A5 /* UIImageView+Extensions.swift in Sources */,
				B1439F102C3F37EA00DBD6A5 /* NetworkManager.swift in Sources */,
				B143A24D2C400AB500DBD6A5 /* Strings.swift in Sources */,
				B1439F1F2C3F446800DBD6A5 /* Movies.swift in Sources */,
				B1439ED92C3F2F1F00DBD6A5 /* HomeViewController.swift in Sources */,
				B1439ED52C3F2F1F00DBD6A5 /* AppDelegate.swift in Sources */,
				B1439F1C2C3F436900DBD6A5 /* ViewConfiguration.swift in Sources */,
				B1439F222C3F6F9D00DBD6A5 /* HomeViewCell.swift in Sources */,
				B1439F132C3F3C0D00DBD6A5 /* HomePresenter.swift in Sources */,
				B143A24B2C400AAE00DBD6A5 /* Color.swift in Sources */,
				B1439F0E2C3F37C200DBD6A5 /* Request.swift in Sources */,
				B1439F0C2C3F363A00DBD6A5 /* HomeRequest.swift in Sources */,
				B143A24F2C400ABF00DBD6A5 /* Font.swift in Sources */,
				B1439F172C3F3C2300DBD6A5 /* HomeService.swift in Sources */,
				B143A2492C4004F600DBD6A5 /* ErrorView.swift in Sources */,
				B1439F152C3F3C1800DBD6A5 /* HomeInteractor.swift in Sources */,
				B1439F192C3F3C3600DBD6A5 /* HomeFactory.swift in Sources */,
			);
			runOnlyForDeploymentPostprocessing = 0;
		};
		B1439EE32C3F2F2000DBD6A5 /* Sources */ = {
			isa = PBXSourcesBuildPhase;
			buildActionMask = 2147483647;
			files = (
				B143A2442C3F934600DBD6A5 /* HomeInteractorTests.swift in Sources */,
				B143A2462C3F934E00DBD6A5 /* HomePresenterTests.swift in Sources */,
			);
			runOnlyForDeploymentPostprocessing = 0;
		};
/* End PBXSourcesBuildPhase section */

/* Begin PBXTargetDependency section */
		B1439EE92C3F2F2000DBD6A5 /* PBXTargetDependency */ = {
			isa = PBXTargetDependency;
			target = B1439ED02C3F2F1E00DBD6A5 /* Movie Listing */;
			targetProxy = B1439EE82C3F2F2000DBD6A5 /* PBXContainerItemProxy */;
		};
/* End PBXTargetDependency section */

/* Begin XCBuildConfiguration section */
		B1439EF92C3F2F2000DBD6A5 /* Debug */ = {
			isa = XCBuildConfiguration;
			buildSettings = {
				ALWAYS_SEARCH_USER_PATHS = NO;
				ASSETCATALOG_COMPILER_GENERATE_SWIFT_ASSET_SYMBOL_EXTENSIONS = YES;
				CLANG_ANALYZER_NONNULL = YES;
				CLANG_ANALYZER_NUMBER_OBJECT_CONVERSION = YES_AGGRESSIVE;
				CLANG_CXX_LANGUAGE_STANDARD = "gnu++20";
				CLANG_ENABLE_MODULES = YES;
				CLANG_ENABLE_OBJC_ARC = YES;
				CLANG_ENABLE_OBJC_WEAK = YES;
				CLANG_WARN_BLOCK_CAPTURE_AUTORELEASING = YES;
				CLANG_WARN_BOOL_CONVERSION = YES;
				CLANG_WARN_COMMA = YES;
				CLANG_WARN_CONSTANT_CONVERSION = YES;
				CLANG_WARN_DEPRECATED_OBJC_IMPLEMENTATIONS = YES;
				CLANG_WARN_DIRECT_OBJC_ISA_USAGE = YES_ERROR;
				CLANG_WARN_DOCUMENTATION_COMMENTS = YES;
				CLANG_WARN_EMPTY_BODY = YES;
				CLANG_WARN_ENUM_CONVERSION = YES;
				CLANG_WARN_INFINITE_RECURSION = YES;
				CLANG_WARN_INT_CONVERSION = YES;
				CLANG_WARN_NON_LITERAL_NULL_CONVERSION = YES;
				CLANG_WARN_OBJC_IMPLICIT_RETAIN_SELF = YES;
				CLANG_WARN_OBJC_LITERAL_CONVERSION = YES;
				CLANG_WARN_OBJC_ROOT_CLASS = YES_ERROR;
				CLANG_WARN_QUOTED_INCLUDE_IN_FRAMEWORK_HEADER = YES;
				CLANG_WARN_RANGE_LOOP_ANALYSIS = YES;
				CLANG_WARN_STRICT_PROTOTYPES = YES;
				CLANG_WARN_SUSPICIOUS_MOVE = YES;
				CLANG_WARN_UNGUARDED_AVAILABILITY = YES_AGGRESSIVE;
				CLANG_WARN_UNREACHABLE_CODE = YES;
				CLANG_WARN__DUPLICATE_METHOD_MATCH = YES;
				COPY_PHASE_STRIP = NO;
				DEBUG_INFORMATION_FORMAT = dwarf;
				ENABLE_STRICT_OBJC_MSGSEND = YES;
				ENABLE_TESTABILITY = YES;
				ENABLE_USER_SCRIPT_SANDBOXING = YES;
				GCC_C_LANGUAGE_STANDARD = gnu17;
				GCC_DYNAMIC_NO_PIC = NO;
				GCC_NO_COMMON_BLOCKS = YES;
				GCC_OPTIMIZATION_LEVEL = 0;
				GCC_PREPROCESSOR_DEFINITIONS = (
					"DEBUG=1",
					"$(inherited)",
				);
				GCC_WARN_64_TO_32_BIT_CONVERSION = YES;
				GCC_WARN_ABOUT_RETURN_TYPE = YES_ERROR;
				GCC_WARN_UNDECLARED_SELECTOR = YES;
				GCC_WARN_UNINITIALIZED_AUTOS = YES_AGGRESSIVE;
				GCC_WARN_UNUSED_FUNCTION = YES;
				GCC_WARN_UNUSED_VARIABLE = YES;
				IPHONEOS_DEPLOYMENT_TARGET = 17.2;
				LOCALIZATION_PREFERS_STRING_CATALOGS = YES;
				MTL_ENABLE_DEBUG_INFO = INCLUDE_SOURCE;
				MTL_FAST_MATH = YES;
				ONLY_ACTIVE_ARCH = YES;
				SDKROOT = iphoneos;
				SWIFT_ACTIVE_COMPILATION_CONDITIONS = "DEBUG $(inherited)";
				SWIFT_OPTIMIZATION_LEVEL = "-Onone";
			};
			name = Debug;
		};
		B1439EFA2C3F2F2000DBD6A5 /* Release */ = {
			isa = XCBuildConfiguration;
			buildSettings = {
				ALWAYS_SEARCH_USER_PATHS = NO;
				ASSETCATALOG_COMPILER_GENERATE_SWIFT_ASSET_SYMBOL_EXTENSIONS = YES;
				CLANG_ANALYZER_NONNULL = YES;
				CLANG_ANALYZER_NUMBER_OBJECT_CONVERSION = YES_AGGRESSIVE;
				CLANG_CXX_LANGUAGE_STANDARD = "gnu++20";
				CLANG_ENABLE_MODULES = YES;
				CLANG_ENABLE_OBJC_ARC = YES;
				CLANG_ENABLE_OBJC_WEAK = YES;
				CLANG_WARN_BLOCK_CAPTURE_AUTORELEASING = YES;
				CLANG_WARN_BOOL_CONVERSION = YES;
				CLANG_WARN_COMMA = YES;
				CLANG_WARN_CONSTANT_CONVERSION = YES;
				CLANG_WARN_DEPRECATED_OBJC_IMPLEMENTATIONS = YES;
				CLANG_WARN_DIRECT_OBJC_ISA_USAGE = YES_ERROR;
				CLANG_WARN_DOCUMENTATION_COMMENTS = YES;
				CLANG_WARN_EMPTY_BODY = YES;
				CLANG_WARN_ENUM_CONVERSION = YES;
				CLANG_WARN_INFINITE_RECURSION = YES;
				CLANG_WARN_INT_CONVERSION = YES;
				CLANG_WARN_NON_LITERAL_NULL_CONVERSION = YES;
				CLANG_WARN_OBJC_IMPLICIT_RETAIN_SELF = YES;
				CLANG_WARN_OBJC_LITERAL_CONVERSION = YES;
				CLANG_WARN_OBJC_ROOT_CLASS = YES_ERROR;
				CLANG_WARN_QUOTED_INCLUDE_IN_FRAMEWORK_HEADER = YES;
				CLANG_WARN_RANGE_LOOP_ANALYSIS = YES;
				CLANG_WARN_STRICT_PROTOTYPES = YES;
				CLANG_WARN_SUSPICIOUS_MOVE = YES;
				CLANG_WARN_UNGUARDED_AVAILABILITY = YES_AGGRESSIVE;
				CLANG_WARN_UNREACHABLE_CODE = YES;
				CLANG_WARN__DUPLICATE_METHOD_MATCH = YES;
				COPY_PHASE_STRIP = NO;
				DEBUG_INFORMATION_FORMAT = "dwarf-with-dsym";
				ENABLE_NS_ASSERTIONS = NO;
				ENABLE_STRICT_OBJC_MSGSEND = YES;
				ENABLE_USER_SCRIPT_SANDBOXING = YES;
				GCC_C_LANGUAGE_STANDARD = gnu17;
				GCC_NO_COMMON_BLOCKS = YES;
				GCC_WARN_64_TO_32_BIT_CONVERSION = YES;
				GCC_WARN_ABOUT_RETURN_TYPE = YES_ERROR;
				GCC_WARN_UNDECLARED_SELECTOR = YES;
				GCC_WARN_UNINITIALIZED_AUTOS = YES_AGGRESSIVE;
				GCC_WARN_UNUSED_FUNCTION = YES;
				GCC_WARN_UNUSED_VARIABLE = YES;
				IPHONEOS_DEPLOYMENT_TARGET = 17.2;
				LOCALIZATION_PREFERS_STRING_CATALOGS = YES;
				MTL_ENABLE_DEBUG_INFO = NO;
				MTL_FAST_MATH = YES;
				SDKROOT = iphoneos;
				SWIFT_COMPILATION_MODE = wholemodule;
				VALIDATE_PRODUCT = YES;
			};
			name = Release;
		};
		B1439EFC2C3F2F2000DBD6A5 /* Debug */ = {
			isa = XCBuildConfiguration;
			buildSettings = {
				ASSETCATALOG_COMPILER_APPICON_NAME = AppIcon;
				ASSETCATALOG_COMPILER_GLOBAL_ACCENT_COLOR_NAME = AccentColor;
				CODE_SIGN_ENTITLEMENTS = "/Users/miguel.barone/Desktop/Movie Listing/Movie Listing/Movie Listing/AppConfiguration/Info.plist";
				CODE_SIGN_STYLE = Automatic;
				CURRENT_PROJECT_VERSION = 1;
				GENERATE_INFOPLIST_FILE = YES;
				INFOPLIST_FILE = "Movie Listing/AppConfiguration/Info.plist";
				INFOPLIST_KEY_UIApplicationSupportsIndirectInputEvents = YES;
				INFOPLIST_KEY_UILaunchStoryboardName = LaunchScreen;
				INFOPLIST_KEY_UISupportedInterfaceOrientations_iPad = "UIInterfaceOrientationPortrait UIInterfaceOrientationPortraitUpsideDown UIInterfaceOrientationLandscapeLeft UIInterfaceOrientationLandscapeRight";
				INFOPLIST_KEY_UISupportedInterfaceOrientations_iPhone = "UIInterfaceOrientationPortrait UIInterfaceOrientationLandscapeLeft UIInterfaceOrientationLandscapeRight";
				LD_RUNPATH_SEARCH_PATHS = (
					"$(inherited)",
					"@executable_path/Frameworks",
				);
				MARKETING_VERSION = 1.0;
				PRODUCT_BUNDLE_IDENTIFIER = "ninadominique.Movie-Listing";
				PRODUCT_NAME = "$(TARGET_NAME)";
				SWIFT_EMIT_LOC_STRINGS = YES;
				SWIFT_VERSION = 5.0;
				TARGETED_DEVICE_FAMILY = "1,2";
			};
			name = Debug;
		};
		B1439EFD2C3F2F2000DBD6A5 /* Release */ = {
			isa = XCBuildConfiguration;
			buildSettings = {
				ASSETCATALOG_COMPILER_APPICON_NAME = AppIcon;
				ASSETCATALOG_COMPILER_GLOBAL_ACCENT_COLOR_NAME = AccentColor;
				CODE_SIGN_ENTITLEMENTS = "/Users/miguel.barone/Desktop/Movie Listing/Movie Listing/Movie Listing/AppConfiguration/Info.plist";
				CODE_SIGN_STYLE = Automatic;
				CURRENT_PROJECT_VERSION = 1;
				GENERATE_INFOPLIST_FILE = YES;
				INFOPLIST_FILE = "Movie Listing/AppConfiguration/Info.plist";
				INFOPLIST_KEY_UIApplicationSupportsIndirectInputEvents = YES;
				INFOPLIST_KEY_UILaunchStoryboardName = LaunchScreen;
				INFOPLIST_KEY_UISupportedInterfaceOrientations_iPad = "UIInterfaceOrientationPortrait UIInterfaceOrientationPortraitUpsideDown UIInterfaceOrientationLandscapeLeft UIInterfaceOrientationLandscapeRight";
				INFOPLIST_KEY_UISupportedInterfaceOrientations_iPhone = "UIInterfaceOrientationPortrait UIInterfaceOrientationLandscapeLeft UIInterfaceOrientationLandscapeRight";
				LD_RUNPATH_SEARCH_PATHS = (
					"$(inherited)",
					"@executable_path/Frameworks",
				);
				MARKETING_VERSION = 1.0;
				PRODUCT_BUNDLE_IDENTIFIER = "ninadominique.Movie-Listing";
				PRODUCT_NAME = "$(TARGET_NAME)";
				SWIFT_EMIT_LOC_STRINGS = YES;
				SWIFT_VERSION = 5.0;
				TARGETED_DEVICE_FAMILY = "1,2";
			};
			name = Release;
		};
		B1439EFF2C3F2F2000DBD6A5 /* Debug */ = {
			isa = XCBuildConfiguration;
			buildSettings = {
				ALWAYS_EMBED_SWIFT_STANDARD_LIBRARIES = YES;
				BUNDLE_LOADER = "$(TEST_HOST)";
				CODE_SIGN_STYLE = Automatic;
				CURRENT_PROJECT_VERSION = 1;
				GENERATE_INFOPLIST_FILE = YES;
				IPHONEOS_DEPLOYMENT_TARGET = 17.2;
				MARKETING_VERSION = 1.0;
				PRODUCT_BUNDLE_IDENTIFIER = "ninadominique.Movie-ListingTests";
				PRODUCT_NAME = "$(TARGET_NAME)";
				SWIFT_EMIT_LOC_STRINGS = NO;
				SWIFT_VERSION = 5.0;
				TARGETED_DEVICE_FAMILY = "1,2";
				TEST_HOST = "$(BUILT_PRODUCTS_DIR)/Movie Listing.app/$(BUNDLE_EXECUTABLE_FOLDER_PATH)/Movie Listing";
			};
			name = Debug;
		};
		B1439F002C3F2F2000DBD6A5 /* Release */ = {
			isa = XCBuildConfiguration;
			buildSettings = {
				ALWAYS_EMBED_SWIFT_STANDARD_LIBRARIES = YES;
				BUNDLE_LOADER = "$(TEST_HOST)";
				CODE_SIGN_STYLE = Automatic;
				CURRENT_PROJECT_VERSION = 1;
				GENERATE_INFOPLIST_FILE = YES;
				IPHONEOS_DEPLOYMENT_TARGET = 17.2;
				MARKETING_VERSION = 1.0;
				PRODUCT_BUNDLE_IDENTIFIER = "ninadominique.Movie-ListingTests";
				PRODUCT_NAME = "$(TARGET_NAME)";
				SWIFT_EMIT_LOC_STRINGS = NO;
				SWIFT_VERSION = 5.0;
				TARGETED_DEVICE_FAMILY = "1,2";
				TEST_HOST = "$(BUILT_PRODUCTS_DIR)/Movie Listing.app/$(BUNDLE_EXECUTABLE_FOLDER_PATH)/Movie Listing";
			};
			name = Release;
		};
/* End XCBuildConfiguration section */

/* Begin XCConfigurationList section */
		B1439ECC2C3F2F1E00DBD6A5 /* Build configuration list for PBXProject "Movie Listing" */ = {
			isa = XCConfigurationList;
			buildConfigurations = (
				B1439EF92C3F2F2000DBD6A5 /* Debug */,
				B1439EFA2C3F2F2000DBD6A5 /* Release */,
			);
			defaultConfigurationIsVisible = 0;
			defaultConfigurationName = Release;
		};
		B1439EFB2C3F2F2000DBD6A5 /* Build configuration list for PBXNativeTarget "Movie Listing" */ = {
			isa = XCConfigurationList;
			buildConfigurations = (
				B1439EFC2C3F2F2000DBD6A5 /* Debug */,
				B1439EFD2C3F2F2000DBD6A5 /* Release */,
			);
			defaultConfigurationIsVisible = 0;
			defaultConfigurationName = Release;
		};
		B1439EFE2C3F2F2000DBD6A5 /* Build configuration list for PBXNativeTarget "Movie ListingTests" */ = {
			isa = XCConfigurationList;
			buildConfigurations = (
				B1439EFF2C3F2F2000DBD6A5 /* Debug */,
				B1439F002C3F2F2000DBD6A5 /* Release */,
			);
			defaultConfigurationIsVisible = 0;
			defaultConfigurationName = Release;
		};
/* End XCConfigurationList section */
	};
	rootObject = B1439EC92C3F2F1E00DBD6A5 /* Project object */;
}
