// !$*UTF8*$!
{
	archiveVersion = 1;
	classes = {
	};
	objectVersion = 56;
	objects = {

/* Begin PBXBuildFile section */
		B1439ED52C3F2F1F00DBD6A5 /* AppDelegate.swift in Sources */ = {isa = PBXBuildFile; fileRef = B1439ED42C3F2F1F00DBD6A5 /* AppDelegate.swift */; };
		B1439ED72C3F2F1F00DBD6A5 /* SceneDelegate.swift in Sources */ = {isa = PBXBuildFile; fileRef = B1439ED62C3F2F1F00DBD6A5 /* SceneDelegate.swift */; };
		B1439ED92C3F2F1F00DBD6A5 /* ViewController.swift in Sources */ = {isa = PBXBuildFile; fileRef = B1439ED82C3F2F1F00DBD6A5 /* ViewController.swift */; };
		B1439EDC2C3F2F1F00DBD6A5 /* Main.storyboard in Resources */ = {isa = PBXBuildFile; fileRef = B1439EDA2C3F2F1F00DBD6A5 /* Main.storyboard */; };
		B1439EDE2C3F2F2000DBD6A5 /* Assets.xcassets in Resources */ = {isa = PBXBuildFile; fileRef = B1439EDD2C3F2F2000DBD6A5 /* Assets.xcassets */; };
		B1439EE12C3F2F2000DBD6A5 /* LaunchScreen.storyboard in Resources */ = {isa = PBXBuildFile; fileRef = B1439EDF2C3F2F2000DBD6A5 /* LaunchScreen.storyboard */; };
		B1439EEC2C3F2F2000DBD6A5 /* Movie_ListingTests.swift in Sources */ = {isa = PBXBuildFile; fileRef = B1439EEB2C3F2F2000DBD6A5 /* Movie_ListingTests.swift */; };
		B1439EF62C3F2F2000DBD6A5 /* Movie_ListingUITests.swift in Sources */ = {isa = PBXBuildFile; fileRef = B1439EF52C3F2F2000DBD6A5 /* Movie_ListingUITests.swift */; };
		B1439EF82C3F2F2000DBD6A5 /* Movie_ListingUITestsLaunchTests.swift in Sources */ = {isa = PBXBuildFile; fileRef = B1439EF72C3F2F2000DBD6A5 /* Movie_ListingUITestsLaunchTests.swift */; };
/* End PBXBuildFile section */

/* Begin PBXContainerItemProxy section */
		B1439EE82C3F2F2000DBD6A5 /* PBXContainerItemProxy */ = {
			isa = PBXContainerItemProxy;
			containerPortal = B1439EC92C3F2F1E00DBD6A5 /* Project object */;
			proxyType = 1;
			remoteGlobalIDString = B1439ED02C3F2F1E00DBD6A5;
			remoteInfo = "Movie Listing";
		};
		B1439EF22C3F2F2000DBD6A5 /* PBXContainerItemProxy */ = {
			isa = PBXContainerItemProxy;
			containerPortal = B1439EC92C3F2F1E00DBD6A5 /* Project object */;
			proxyType = 1;
			remoteGlobalIDString = B1439ED02C3F2F1E00DBD6A5;
			remoteInfo = "Movie Listing";
		};
/* End PBXContainerItemProxy section */

/* Begin PBXFileReference section */
		B1439ED12C3F2F1F00DBD6A5 /* Movie Listing.app */ = {isa = PBXFileReference; explicitFileType = wrapper.application; includeInIndex = 0; path = "Movie Listing.app"; sourceTree = BUILT_PRODUCTS_DIR; };
		B1439ED42C3F2F1F00DBD6A5 /* AppDelegate.swift */ = {isa = PBXFileReference; lastKnownFileType = sourcecode.swift; path = AppDelegate.swift; sourceTree = "<group>"; };
		B1439ED62C3F2F1F00DBD6A5 /* SceneDelegate.swift */ = {isa = PBXFileReference; lastKnownFileType = sourcecode.swift; path = SceneDelegate.swift; sourceTree = "<group>"; };
		B1439ED82C3F2F1F00DBD6A5 /* ViewController.swift */ = {isa = PBXFileReference; lastKnownFileType = sourcecode.swift; path = ViewController.swift; sourceTree = "<group>"; };
		B1439EDB2C3F2F1F00DBD6A5 /* Base */ = {isa = PBXFileReference; lastKnownFileType = file.storyboard; name = Base; path = Base.lproj/Main.storyboard; sourceTree = "<group>"; };
		B1439EDD2C3F2F2000DBD6A5 /* Assets.xcassets */ = {isa = PBXFileReference; lastKnownFileType = folder.assetcatalog; path = Assets.xcassets; sourceTree = "<group>"; };
		B1439EE02C3F2F2000DBD6A5 /* Base */ = {isa = PBXFileReference; lastKnownFileType = file.storyboard; name = Base; path = Base.lproj/LaunchScreen.storyboard; sourceTree = "<group>"; };
		B1439EE22C3F2F2000DBD6A5 /* Info.plist */ = {isa = PBXFileReference; lastKnownFileType = text.plist.xml; path = Info.plist; sourceTree = "<group>"; };
		B1439EE72C3F2F2000DBD6A5 /* Movie ListingTests.xctest */ = {isa = PBXFileReference; explicitFileType = wrapper.cfbundle; includeInIndex = 0; path = "Movie ListingTests.xctest"; sourceTree = BUILT_PRODUCTS_DIR; };
		B1439EEB2C3F2F2000DBD6A5 /* Movie_ListingTests.swift */ = {isa = PBXFileReference; lastKnownFileType = sourcecode.swift; path = Movie_ListingTests.swift; sourceTree = "<group>"; };
		B1439EF12C3F2F2000DBD6A5 /* Movie ListingUITests.xctest */ = {isa = PBXFileReference; explicitFileType = wrapper.cfbundle; includeInIndex = 0; path = "Movie ListingUITests.xctest"; sourceTree = BUILT_PRODUCTS_DIR; };
		B1439EF52C3F2F2000DBD6A5 /* Movie_ListingUITests.swift */ = {isa = PBXFileReference; lastKnownFileType = sourcecode.swift; path = Movie_ListingUITests.swift; sourceTree = "<group>"; };
		B1439EF72C3F2F2000DBD6A5 /* Movie_ListingUITestsLaunchTests.swift */ = {isa = PBXFileReference; lastKnownFileType = sourcecode.swift; path = Movie_ListingUITestsLaunchTests.swift; sourceTree = "<group>"; };
/* End PBXFileReference section */

/* Begin PBXFrameworksBuildPhase section */
		B1439ECE2C3F2F1E00DBD6A5 /* Frameworks */ = {
			isa = PBXFrameworksBuildPhase;
			buildActionMask = 2147483647;
			files = (
			);
			runOnlyForDeploymentPostprocessing = 0;
		};
		B1439EE42C3F2F2000DBD6A5 /* Frameworks */ = {
			isa = PBXFrameworksBuildPhase;
			buildActionMask = 2147483647;
			files = (
			);
			runOnlyForDeploymentPostprocessing = 0;
		};
		B1439EEE2C3F2F2000DBD6A5 /* Frameworks */ = {
			isa = PBXFrameworksBuildPhase;
			buildActionMask = 2147483647;
			files = (
			);
			runOnlyForDeploymentPostprocessing = 0;
		};
/* End PBXFrameworksBuildPhase section */

/* Begin PBXGroup section */
		B1439EC82C3F2F1E00DBD6A5 = {
			isa = PBXGroup;
			children = (
				B1439ED32C3F2F1F00DBD6A5 /* Movie Listing */,
				B1439EEA2C3F2F2000DBD6A5 /* Movie ListingTests */,
				B1439EF42C3F2F2000DBD6A5 /* Movie ListingUITests */,
				B1439ED22C3F2F1F00DBD6A5 /* Products */,
			);
			sourceTree = "<group>";
		};
		B1439ED22C3F2F1F00DBD6A5 /* Products */ = {
			isa = PBXGroup;
			children = (
				B1439ED12C3F2F1F00DBD6A5 /* Movie Listing.app */,
				B1439EE72C3F2F2000DBD6A5 /* Movie ListingTests.xctest */,
				B1439EF12C3F2F2000DBD6A5 /* Movie ListingUITests.xctest */,
			);
			name = Products;
			sourceTree = "<group>";
		};
		B1439ED32C3F2F1F00DBD6A5 /* Movie Listing */ = {
			isa = PBXGroup;
			children = (
				B1439ED42C3F2F1F00DBD6A5 /* AppDelegate.swift */,
				B1439ED62C3F2F1F00DBD6A5 /* SceneDelegate.swift */,
				B1439ED82C3F2F1F00DBD6A5 /* ViewController.swift */,
				B1439EDA2C3F2F1F00DBD6A5 /* Main.storyboard */,
				B1439EDD2C3F2F2000DBD6A5 /* Assets.xcassets */,
				B1439EDF2C3F2F2000DBD6A5 /* LaunchScreen.storyboard */,
				B1439EE22C3F2F2000DBD6A5 /* Info.plist */,
			);
			path = "Movie Listing";
			sourceTree = "<group>";
		};
		B1439EEA2C3F2F2000DBD6A5 /* Movie ListingTests */ = {
			isa = PBXGroup;
			children = (
				B1439EEB2C3F2F2000DBD6A5 /* Movie_ListingTests.swift */,
			);
			path = "Movie ListingTests";
			sourceTree = "<group>";
		};
		B1439EF42C3F2F2000DBD6A5 /* Movie ListingUITests */ = {
			isa = PBXGroup;
			children = (
				B1439EF52C3F2F2000DBD6A5 /* Movie_ListingUITests.swift */,
				B1439EF72C3F2F2000DBD6A5 /* Movie_ListingUITestsLaunchTests.swift */,
			);
			path = "Movie ListingUITests";
			sourceTree = "<group>";
		};
/* End PBXGroup section */

/* Begin PBXNativeTarget section */
		B1439ED02C3F2F1E00DBD6A5 /* Movie Listing */ = {
			isa = PBXNativeTarget;
			buildConfigurationList = B1439EFB2C3F2F2000DBD6A5 /* Build configuration list for PBXNativeTarget "Movie Listing" */;
			buildPhases = (
				B1439ECD2C3F2F1E00DBD6A5 /* Sources */,
				B1439ECE2C3F2F1E00DBD6A5 /* Frameworks */,
				B1439ECF2C3F2F1E00DBD6A5 /* Resources */,
			);
			buildRules = (
			);
			dependencies = (
			);
			name = "Movie Listing";
			productName = "Movie Listing";
			productReference = B1439ED12C3F2F1F00DBD6A5 /* Movie Listing.app */;
			productType = "com.apple.product-type.application";
		};
		B1439EE62C3F2F2000DBD6A5 /* Movie ListingTests */ = {
			isa = PBXNativeTarget;
			buildConfigurationList = B1439EFE2C3F2F2000DBD6A5 /* Build configuration list for PBXNativeTarget "Movie ListingTests" */;
			buildPhases = (
				B1439EE32C3F2F2000DBD6A5 /* Sources */,
				B1439EE42C3F2F2000DBD6A5 /* Frameworks */,
				B1439EE52C3F2F2000DBD6A5 /* Resources */,
			);
			buildRules = (
			);
			dependencies = (
				B1439EE92C3F2F2000DBD6A5 /* PBXTargetDependency */,
			);
			name = "Movie ListingTests";
			productName = "Movie ListingTests";
			productReference = B1439EE72C3F2F2000DBD6A5 /* Movie ListingTests.xctest */;
			productType = "com.apple.product-type.bundle.unit-test";
		};
		B1439EF02C3F2F2000DBD6A5 /* Movie ListingUITests */ = {
			isa = PBXNativeTarget;
			buildConfigurationList = B1439F012C3F2F2000DBD6A5 /* Build configuration list for PBXNativeTarget "Movie ListingUITests" */;
			buildPhases = (
				B1439EED2C3F2F2000DBD6A5 /* Sources */,
				B1439EEE2C3F2F2000DBD6A5 /* Frameworks */,
				B1439EEF2C3F2F2000DBD6A5 /* Resources */,
			);
			buildRules = (
			);
			dependencies = (
				B1439EF32C3F2F2000DBD6A5 /* PBXTargetDependency */,
			);
			name = "Movie ListingUITests";
			productName = "Movie ListingUITests";
			productReference = B1439EF12C3F2F2000DBD6A5 /* Movie ListingUITests.xctest */;
			productType = "com.apple.product-type.bundle.ui-testing";
		};
/* End PBXNativeTarget section */

/* Begin PBXProject section */
		B1439EC92C3F2F1E00DBD6A5 /* Project object */ = {
			isa = PBXProject;
			attributes = {
				BuildIndependentTargetsInParallel = 1;
				LastSwiftUpdateCheck = 1520;
				LastUpgradeCheck = 1520;
				TargetAttributes = {
					B1439ED02C3F2F1E00DBD6A5 = {
						CreatedOnToolsVersion = 15.2;
					};
					B1439EE62C3F2F2000DBD6A5 = {
						CreatedOnToolsVersion = 15.2;
						TestTargetID = B1439ED02C3F2F1E00DBD6A5;
					};
					B1439EF02C3F2F2000DBD6A5 = {
						CreatedOnToolsVersion = 15.2;
						TestTargetID = B1439ED02C3F2F1E00DBD6A5;
					};
				};
			};
			buildConfigurationList = B1439ECC2C3F2F1E00DBD6A5 /* Build configuration list for PBXProject "Movie Listing" */;
			compatibilityVersion = "Xcode 14.0";
			developmentRegion = en;
			hasScannedForEncodings = 0;
			knownRegions = (
				en,
				Base,
			);
			mainGroup = B1439EC82C3F2F1E00DBD6A5;
			productRefGroup = B1439ED22C3F2F1F00DBD6A5 /* Products */;
			projectDirPath = "";
			projectRoot = "";
			targets = (
				B1439ED02C3F2F1E00DBD6A5 /* Movie Listing */,
				B1439EE62C3F2F2000DBD6A5 /* Movie ListingTests */,
				B1439EF02C3F2F2000DBD6A5 /* Movie ListingUITests */,
			);
		};
/* End PBXProject section */

/* Begin PBXResourcesBuildPhase section */
		B1439ECF2C3F2F1E00DBD6A5 /* Resources */ = {
			isa = PBXResourcesBuildPhase;
			buildActionMask = 2147483647;
			files = (
				B1439EE12C3F2F2000DBD6A5 /* LaunchScreen.storyboard in Resources */,
				B1439EDE2C3F2F2000DBD6A5 /* Assets.xcassets in Resources */,
				B1439EDC2C3F2F1F00DBD6A5 /* Main.storyboard in Resources */,
			);
			runOnlyForDeploymentPostprocessing = 0;
		};
		B1439EE52C3F2F2000DBD6A5 /* Resources */ = {
			isa = PBXResourcesBuildPhase;
			buildActionMask = 2147483647;
			files = (
			);
			runOnlyForDeploymentPostprocessing = 0;
		};
		B1439EEF2C3F2F2000DBD6A5 /* Resources */ = {
			isa = PBXResourcesBuildPhase;
			buildActionMask = 2147483647;
			files = (
			);
			runOnlyForDeploymentPostprocessing = 0;
		};
/* End PBXResourcesBuildPhase section */

/* Begin PBXSourcesBuildPhase section */
		B1439ECD2C3F2F1E00DBD6A5 /* Sources */ = {
			isa = PBXSourcesBuildPhase;
			buildActionMask = 2147483647;
			files = (
				B1439ED92C3F2F1F00DBD6A5 /* ViewController.swift in Sources */,
				B1439ED52C3F2F1F00DBD6A5 /* AppDelegate.swift in Sources */,
				B1439ED72C3F2F1F00DBD6A5 /* SceneDelegate.swift in Sources */,
			);
			runOnlyForDeploymentPostprocessing = 0;
		};
		B1439EE32C3F2F2000DBD6A5 /* Sources */ = {
			isa = PBXSourcesBuildPhase;
			buildActionMask = 2147483647;
			files = (
				B1439EEC2C3F2F2000DBD6A5 /* Movie_ListingTests.swift in Sources */,
			);
			runOnlyForDeploymentPostprocessing = 0;
		};
		B1439EED2C3F2F2000DBD6A5 /* Sources */ = {
			isa = PBXSourcesBuildPhase;
			buildActionMask = 2147483647;
			files = (
				B1439EF82C3F2F2000DBD6A5 /* Movie_ListingUITestsLaunchTests.swift in Sources */,
				B1439EF62C3F2F2000DBD6A5 /* Movie_ListingUITests.swift in Sources */,
			);
			runOnlyForDeploymentPostprocessing = 0;
		};
/* End PBXSourcesBuildPhase section */

/* Begin PBXTargetDependency section */
		B1439EE92C3F2F2000DBD6A5 /* PBXTargetDependency */ = {
			isa = PBXTargetDependency;
			target = B1439ED02C3F2F1E00DBD6A5 /* Movie Listing */;
			targetProxy = B1439EE82C3F2F2000DBD6A5 /* PBXContainerItemProxy */;
		};
		B1439EF32C3F2F2000DBD6A5 /* PBXTargetDependency */ = {
			isa = PBXTargetDependency;
			target = B1439ED02C3F2F1E00DBD6A5 /* Movie Listing */;
			targetProxy = B1439EF22C3F2F2000DBD6A5 /* PBXContainerItemProxy */;
		};
/* End PBXTargetDependency section */

/* Begin PBXVariantGroup section */
		B1439EDA2C3F2F1F00DBD6A5 /* Main.storyboard */ = {
			isa = PBXVariantGroup;
			children = (
				B1439EDB2C3F2F1F00DBD6A5 /* Base */,
			);
			name = Main.storyboard;
			sourceTree = "<group>";
		};
		B1439EDF2C3F2F2000DBD6A5 /* LaunchScreen.storyboard */ = {
			isa = PBXVariantGroup;
			children = (
				B1439EE02C3F2F2000DBD6A5 /* Base */,
			);
			name = LaunchScreen.storyboard;
			sourceTree = "<group>";
		};
/* End PBXVariantGroup section */

/* Begin XCBuildConfiguration section */
		B1439EF92C3F2F2000DBD6A5 /* Debug */ = {
			isa = XCBuildConfiguration;
			buildSettings = {
				ALWAYS_SEARCH_USER_PATHS = NO;
				ASSETCATALOG_COMPILER_GENERATE_SWIFT_ASSET_SYMBOL_EXTENSIONS = YES;
				CLANG_ANALYZER_NONNULL = YES;
				CLANG_ANALYZER_NUMBER_OBJECT_CONVERSION = YES_AGGRESSIVE;
				CLANG_CXX_LANGUAGE_STANDARD = "gnu++20";
				CLANG_ENABLE_MODULES = YES;
				CLANG_ENABLE_OBJC_ARC = YES;
				CLANG_ENABLE_OBJC_WEAK = YES;
				CLANG_WARN_BLOCK_CAPTURE_AUTORELEASING = YES;
				CLANG_WARN_BOOL_CONVERSION = YES;
				CLANG_WARN_COMMA = YES;
				CLANG_WARN_CONSTANT_CONVERSION = YES;
				CLANG_WARN_DEPRECATED_OBJC_IMPLEMENTATIONS = YES;
				CLANG_WARN_DIRECT_OBJC_ISA_USAGE = YES_ERROR;
				CLANG_WARN_DOCUMENTATION_COMMENTS = YES;
				CLANG_WARN_EMPTY_BODY = YES;
				CLANG_WARN_ENUM_CONVERSION = YES;
				CLANG_WARN_INFINITE_RECURSION = YES;
				CLANG_WARN_INT_CONVERSION = YES;
				CLANG_WARN_NON_LITERAL_NULL_CONVERSION = YES;
				CLANG_WARN_OBJC_IMPLICIT_RETAIN_SELF = YES;
				CLANG_WARN_OBJC_LITERAL_CONVERSION = YES;
				CLANG_WARN_OBJC_ROOT_CLASS = YES_ERROR;
				CLANG_WARN_QUOTED_INCLUDE_IN_FRAMEWORK_HEADER = YES;
				CLANG_WARN_RANGE_LOOP_ANALYSIS = YES;
				CLANG_WARN_STRICT_PROTOTYPES = YES;
				CLANG_WARN_SUSPICIOUS_MOVE = YES;
				CLANG_WARN_UNGUARDED_AVAILABILITY = YES_AGGRESSIVE;
				CLANG_WARN_UNREACHABLE_CODE = YES;
				CLANG_WARN__DUPLICATE_METHOD_MATCH = YES;
				COPY_PHASE_STRIP = NO;
				DEBUG_INFORMATION_FORMAT = dwarf;
				ENABLE_STRICT_OBJC_MSGSEND = YES;
				ENABLE_TESTABILITY = YES;
				ENABLE_USER_SCRIPT_SANDBOXING = YES;
				GCC_C_LANGUAGE_STANDARD = gnu17;
				GCC_DYNAMIC_NO_PIC = NO;
				GCC_NO_COMMON_BLOCKS = YES;
				GCC_OPTIMIZATION_LEVEL = 0;
				GCC_PREPROCESSOR_DEFINITIONS = (
					"DEBUG=1",
					"$(inherited)",
				);
				GCC_WARN_64_TO_32_BIT_CONVERSION = YES;
				GCC_WARN_ABOUT_RETURN_TYPE = YES_ERROR;
				GCC_WARN_UNDECLARED_SELECTOR = YES;
				GCC_WARN_UNINITIALIZED_AUTOS = YES_AGGRESSIVE;
				GCC_WARN_UNUSED_FUNCTION = YES;
				GCC_WARN_UNUSED_VARIABLE = YES;
				IPHONEOS_DEPLOYMENT_TARGET = 17.2;
				LOCALIZATION_PREFERS_STRING_CATALOGS = YES;
				MTL_ENABLE_DEBUG_INFO = INCLUDE_SOURCE;
				MTL_FAST_MATH = YES;
				ONLY_ACTIVE_ARCH = YES;
				SDKROOT = iphoneos;
				SWIFT_ACTIVE_COMPILATION_CONDITIONS = "DEBUG $(inherited)";
				SWIFT_OPTIMIZATION_LEVEL = "-Onone";
			};
			name = Debug;
		};
		B1439EFA2C3F2F2000DBD6A5 /* Release */ = {
			isa = XCBuildConfiguration;
			buildSettings = {
				ALWAYS_SEARCH_USER_PATHS = NO;
				ASSETCATALOG_COMPILER_GENERATE_SWIFT_ASSET_SYMBOL_EXTENSIONS = YES;
				CLANG_ANALYZER_NONNULL = YES;
				CLANG_ANALYZER_NUMBER_OBJECT_CONVERSION = YES_AGGRESSIVE;
				CLANG_CXX_LANGUAGE_STANDARD = "gnu++20";
				CLANG_ENABLE_MODULES = YES;
				CLANG_ENABLE_OBJC_ARC = YES;
				CLANG_ENABLE_OBJC_WEAK = YES;
				CLANG_WARN_BLOCK_CAPTURE_AUTORELEASING = YES;
				CLANG_WARN_BOOL_CONVERSION = YES;
				CLANG_WARN_COMMA = YES;
				CLANG_WARN_CONSTANT_CONVERSION = YES;
				CLANG_WARN_DEPRECATED_OBJC_IMPLEMENTATIONS = YES;
				CLANG_WARN_DIRECT_OBJC_ISA_USAGE = YES_ERROR;
				CLANG_WARN_DOCUMENTATION_COMMENTS = YES;
				CLANG_WARN_EMPTY_BODY = YES;
				CLANG_WARN_ENUM_CONVERSION = YES;
				CLANG_WARN_INFINITE_RECURSION = YES;
				CLANG_WARN_INT_CONVERSION = YES;
				CLANG_WARN_NON_LITERAL_NULL_CONVERSION = YES;
				CLANG_WARN_OBJC_IMPLICIT_RETAIN_SELF = YES;
				CLANG_WARN_OBJC_LITERAL_CONVERSION = YES;
				CLANG_WARN_OBJC_ROOT_CLASS = YES_ERROR;
				CLANG_WARN_QUOTED_INCLUDE_IN_FRAMEWORK_HEADER = YES;
				CLANG_WARN_RANGE_LOOP_ANALYSIS = YES;
				CLANG_WARN_STRICT_PROTOTYPES = YES;
				CLANG_WARN_SUSPICIOUS_MOVE = YES;
				CLANG_WARN_UNGUARDED_AVAILABILITY = YES_AGGRESSIVE;
				CLANG_WARN_UNREACHABLE_CODE = YES;
				CLANG_WARN__DUPLICATE_METHOD_MATCH = YES;
				COPY_PHASE_STRIP = NO;
				DEBUG_INFORMATION_FORMAT = "dwarf-with-dsym";
				ENABLE_NS_ASSERTIONS = NO;
				ENABLE_STRICT_OBJC_MSGSEND = YES;
				ENABLE_USER_SCRIPT_SANDBOXING = YES;
				GCC_C_LANGUAGE_STANDARD = gnu17;
				GCC_NO_COMMON_BLOCKS = YES;
				GCC_WARN_64_TO_32_BIT_CONVERSION = YES;
				GCC_WARN_ABOUT_RETURN_TYPE = YES_ERROR;
				GCC_WARN_UNDECLARED_SELECTOR = YES;
				GCC_WARN_UNINITIALIZED_AUTOS = YES_AGGRESSIVE;
				GCC_WARN_UNUSED_FUNCTION = YES;
				GCC_WARN_UNUSED_VARIABLE = YES;
				IPHONEOS_DEPLOYMENT_TARGET = 17.2;
				LOCALIZATION_PREFERS_STRING_CATALOGS = YES;
				MTL_ENABLE_DEBUG_INFO = NO;
				MTL_FAST_MATH = YES;
				SDKROOT = iphoneos;
				SWIFT_COMPILATION_MODE = wholemodule;
				VALIDATE_PRODUCT = YES;
			};
			name = Release;
		};
		B1439EFC2C3F2F2000DBD6A5 /* Debug */ = {
			isa = XCBuildConfiguration;
			buildSettings = {
				ASSETCATALOG_COMPILER_APPICON_NAME = AppIcon;
				ASSETCATALOG_COMPILER_GLOBAL_ACCENT_COLOR_NAME = AccentColor;
				CODE_SIGN_STYLE = Automatic;
				CURRENT_PROJECT_VERSION = 1;
				GENERATE_INFOPLIST_FILE = YES;
				INFOPLIST_FILE = "Movie Listing/Info.plist";
				INFOPLIST_KEY_UIApplicationSupportsIndirectInputEvents = YES;
				INFOPLIST_KEY_UILaunchStoryboardName = LaunchScreen;
				INFOPLIST_KEY_UIMainStoryboardFile = Main;
				INFOPLIST_KEY_UISupportedInterfaceOrientations_iPad = "UIInterfaceOrientationPortrait UIInterfaceOrientationPortraitUpsideDown UIInterfaceOrientationLandscapeLeft UIInterfaceOrientationLandscapeRight";
				INFOPLIST_KEY_UISupportedInterfaceOrientations_iPhone = "UIInterfaceOrientationPortrait UIInterfaceOrientationLandscapeLeft UIInterfaceOrientationLandscapeRight";
				LD_RUNPATH_SEARCH_PATHS = (
					"$(inherited)",
					"@executable_path/Frameworks",
				);
				MARKETING_VERSION = 1.0;
				PRODUCT_BUNDLE_IDENTIFIER = "ninadominique.Movie-Listing";
				PRODUCT_NAME = "$(TARGET_NAME)";
				SWIFT_EMIT_LOC_STRINGS = YES;
				SWIFT_VERSION = 5.0;
				TARGETED_DEVICE_FAMILY = "1,2";
			};
			name = Debug;
		};
		B1439EFD2C3F2F2000DBD6A5 /* Release */ = {
			isa = XCBuildConfiguration;
			buildSettings = {
				ASSETCATALOG_COMPILER_APPICON_NAME = AppIcon;
				ASSETCATALOG_COMPILER_GLOBAL_ACCENT_COLOR_NAME = AccentColor;
				CODE_SIGN_STYLE = Automatic;
				CURRENT_PROJECT_VERSION = 1;
				GENERATE_INFOPLIST_FILE = YES;
				INFOPLIST_FILE = "Movie Listing/Info.plist";
				INFOPLIST_KEY_UIApplicationSupportsIndirectInputEvents = YES;
				INFOPLIST_KEY_UILaunchStoryboardName = LaunchScreen;
				INFOPLIST_KEY_UIMainStoryboardFile = Main;
				INFOPLIST_KEY_UISupportedInterfaceOrientations_iPad = "UIInterfaceOrientationPortrait UIInterfaceOrientationPortraitUpsideDown UIInterfaceOrientationLandscapeLeft UIInterfaceOrientationLandscapeRight";
				INFOPLIST_KEY_UISupportedInterfaceOrientations_iPhone = "UIInterfaceOrientationPortrait UIInterfaceOrientationLandscapeLeft UIInterfaceOrientationLandscapeRight";
				LD_RUNPATH_SEARCH_PATHS = (
					"$(inherited)",
					"@executable_path/Frameworks",
				);
				MARKETING_VERSION = 1.0;
				PRODUCT_BUNDLE_IDENTIFIER = "ninadominique.Movie-Listing";
				PRODUCT_NAME = "$(TARGET_NAME)";
				SWIFT_EMIT_LOC_STRINGS = YES;
				SWIFT_VERSION = 5.0;
				TARGETED_DEVICE_FAMILY = "1,2";
			};
			name = Release;
		};
		B1439EFF2C3F2F2000DBD6A5 /* Debug */ = {
			isa = XCBuildConfiguration;
			buildSettings = {
				ALWAYS_EMBED_SWIFT_STANDARD_LIBRARIES = YES;
				BUNDLE_LOADER = "$(TEST_HOST)";
				CODE_SIGN_STYLE = Automatic;
				CURRENT_PROJECT_VERSION = 1;
				GENERATE_INFOPLIST_FILE = YES;
				IPHONEOS_DEPLOYMENT_TARGET = 17.2;
				MARKETING_VERSION = 1.0;
				PRODUCT_BUNDLE_IDENTIFIER = "ninadominique.Movie-ListingTests";
				PRODUCT_NAME = "$(TARGET_NAME)";
				SWIFT_EMIT_LOC_STRINGS = NO;
				SWIFT_VERSION = 5.0;
				TARGETED_DEVICE_FAMILY = "1,2";
				TEST_HOST = "$(BUILT_PRODUCTS_DIR)/Movie Listing.app/$(BUNDLE_EXECUTABLE_FOLDER_PATH)/Movie Listing";
			};
			name = Debug;
		};
		B1439F002C3F2F2000DBD6A5 /* Release */ = {
			isa = XCBuildConfiguration;
			buildSettings = {
				ALWAYS_EMBED_SWIFT_STANDARD_LIBRARIES = YES;
				BUNDLE_LOADER = "$(TEST_HOST)";
				CODE_SIGN_STYLE = Automatic;
				CURRENT_PROJECT_VERSION = 1;
				GENERATE_INFOPLIST_FILE = YES;
				IPHONEOS_DEPLOYMENT_TARGET = 17.2;
				MARKETING_VERSION = 1.0;
				PRODUCT_BUNDLE_IDENTIFIER = "ninadominique.Movie-ListingTests";
				PRODUCT_NAME = "$(TARGET_NAME)";
				SWIFT_EMIT_LOC_STRINGS = NO;
				SWIFT_VERSION = 5.0;
				TARGETED_DEVICE_FAMILY = "1,2";
				TEST_HOST = "$(BUILT_PRODUCTS_DIR)/Movie Listing.app/$(BUNDLE_EXECUTABLE_FOLDER_PATH)/Movie Listing";
			};
			name = Release;
		};
		B1439F022C3F2F2000DBD6A5 /* Debug */ = {
			isa = XCBuildConfiguration;
			buildSettings = {
				ALWAYS_EMBED_SWIFT_STANDARD_LIBRARIES = YES;
				CODE_SIGN_STYLE = Automatic;
				CURRENT_PROJECT_VERSION = 1;
				GENERATE_INFOPLIST_FILE = YES;
				MARKETING_VERSION = 1.0;
				PRODUCT_BUNDLE_IDENTIFIER = "ninadominique.Movie-ListingUITests";
				PRODUCT_NAME = "$(TARGET_NAME)";
				SWIFT_EMIT_LOC_STRINGS = NO;
				SWIFT_VERSION = 5.0;
				TARGETED_DEVICE_FAMILY = "1,2";
				TEST_TARGET_NAME = "Movie Listing";
			};
			name = Debug;
		};
		B1439F032C3F2F2000DBD6A5 /* Release */ = {
			isa = XCBuildConfiguration;
			buildSettings = {
				ALWAYS_EMBED_SWIFT_STANDARD_LIBRARIES = YES;
				CODE_SIGN_STYLE = Automatic;
				CURRENT_PROJECT_VERSION = 1;
				GENERATE_INFOPLIST_FILE = YES;
				MARKETING_VERSION = 1.0;
				PRODUCT_BUNDLE_IDENTIFIER = "ninadominique.Movie-ListingUITests";
				PRODUCT_NAME = "$(TARGET_NAME)";
				SWIFT_EMIT_LOC_STRINGS = NO;
				SWIFT_VERSION = 5.0;
				TARGETED_DEVICE_FAMILY = "1,2";
				TEST_TARGET_NAME = "Movie Listing";
			};
			name = Release;
		};
/* End XCBuildConfiguration section */

/* Begin XCConfigurationList section */
		B1439ECC2C3F2F1E00DBD6A5 /* Build configuration list for PBXProject "Movie Listing" */ = {
			isa = XCConfigurationList;
			buildConfigurations = (
				B1439EF92C3F2F2000DBD6A5 /* Debug */,
				B1439EFA2C3F2F2000DBD6A5 /* Release */,
			);
			defaultConfigurationIsVisible = 0;
			defaultConfigurationName = Release;
		};
		B1439EFB2C3F2F2000DBD6A5 /* Build configuration list for PBXNativeTarget "Movie Listing" */ = {
			isa = XCConfigurationList;
			buildConfigurations = (
				B1439EFC2C3F2F2000DBD6A5 /* Debug */,
				B1439EFD2C3F2F2000DBD6A5 /* Release */,
			);
			defaultConfigurationIsVisible = 0;
			defaultConfigurationName = Release;
		};
		B1439EFE2C3F2F2000DBD6A5 /* Build configuration list for PBXNativeTarget "Movie ListingTests" */ = {
			isa = XCConfigurationList;
			buildConfigurations = (
				B1439EFF2C3F2F2000DBD6A5 /* Debug */,
				B1439F002C3F2F2000DBD6A5 /* Release */,
			);
			defaultConfigurationIsVisible = 0;
			defaultConfigurationName = Release;
		};
		B1439F012C3F2F2000DBD6A5 /* Build configuration list for PBXNativeTarget "Movie ListingUITests" */ = {
			isa = XCConfigurationList;
			buildConfigurations = (
				B1439F022C3F2F2000DBD6A5 /* Debug */,
				B1439F032C3F2F2000DBD6A5 /* Release */,
			);
			defaultConfigurationIsVisible = 0;
			defaultConfigurationName = Release;
		};
/* End XCConfigurationList section */
	};
	rootObject = B1439EC92C3F2F1E00DBD6A5 /* Project object */;
}
